
Microsoft Visual Studio Solution File, Format Version 12.00
# Visual Studio Version 16
VisualStudioVersion = 16.0.30711.63
MinimumVisualStudioVersion = 10.0.40219.1
Project("{9A19103F-16F7-4668-BE54-9A1E7A4F7556}") = "lingowords", "lingowords.csproj", "{A76E23B0-46F2-4DD5-A8C7-3FCEECE90C20}"
EndProject
Project("{FAE04EC0-301F-11D3-BF4B-00C04F79EFBC}") = "lingowordstest", "..\lingowordstest\lingowordstest.csproj", "{163979FF-8ED5-4BCE-B4E4-3CE2D21D9EBF}"
EndProject
Global
	GlobalSection(SolutionConfigurationPlatforms) = preSolution
		Debug|Any CPU = Debug|Any CPU
		Release|Any CPU = Release|Any CPU
	EndGlobalSection
	GlobalSection(ProjectConfigurationPlatforms) = postSolution
		{A76E23B0-46F2-4DD5-A8C7-3FCEECE90C20}.Debug|Any CPU.ActiveCfg = Debug|Any CPU
		{A76E23B0-46F2-4DD5-A8C7-3FCEECE90C20}.Debug|Any CPU.Build.0 = Debug|Any CPU
		{A76E23B0-46F2-4DD5-A8C7-3FCEECE90C20}.Release|Any CPU.ActiveCfg = Release|Any CPU
		{A76E23B0-46F2-4DD5-A8C7-3FCEECE90C20}.Release|Any CPU.Build.0 = Release|Any CPU
		{163979FF-8ED5-4BCE-B4E4-3CE2D21D9EBF}.Debug|Any CPU.ActiveCfg = Debug|Any CPU
		{163979FF-8ED5-4BCE-B4E4-3CE2D21D9EBF}.Debug|Any CPU.Build.0 = Debug|Any CPU
		{163979FF-8ED5-4BCE-B4E4-3CE2D21D9EBF}.Release|Any CPU.ActiveCfg = Release|Any CPU
		{163979FF-8ED5-4BCE-B4E4-3CE2D21D9EBF}.Release|Any CPU.Build.0 = Release|Any CPU
	EndGlobalSection
	GlobalSection(SolutionProperties) = preSolution
		HideSolutionNode = FALSE
	EndGlobalSection
	GlobalSection(ExtensibilityGlobals) = postSolution
		SolutionGuid = {C1252E7D-E2D6-47D0-8F50-60F6CF2F3C02}
	EndGlobalSection
EndGlobal
